// !$*UTF8*$!
{
	archiveVersion = 1;
	classes = {
	};
	objectVersion = 50;
	objects = {

/* Begin PBXBuildFile section */
		001EB971224F9A7C001792D9 /* UIImage+Initials.swift in Sources */ = {isa = PBXBuildFile; fileRef = 001EB970224F9A7C001792D9 /* UIImage+Initials.swift */; };
		001EB973224F9FB5001792D9 /* String+Initials.swift in Sources */ = {isa = PBXBuildFile; fileRef = 001EB972224F9FB5001792D9 /* String+Initials.swift */; };
		001EB975224FA1D9001792D9 /* UIView+Rounded.swift in Sources */ = {isa = PBXBuildFile; fileRef = 001EB974224FA1D9001792D9 /* UIView+Rounded.swift */; };
		001EB978224FA579001792D9 /* Colors.swift in Sources */ = {isa = PBXBuildFile; fileRef = 001EB977224FA579001792D9 /* Colors.swift */; };
		0071C027224FAD10001500F8 /* ContactTests.swift in Sources */ = {isa = PBXBuildFile; fileRef = 0071C026224FAD10001500F8 /* ContactTests.swift */; };
		008587762248DC6B00B338E4 /* AppDelegate.swift in Sources */ = {isa = PBXBuildFile; fileRef = 008587752248DC6B00B338E4 /* AppDelegate.swift */; };
		0085877B2248DC6B00B338E4 /* Main.storyboard in Resources */ = {isa = PBXBuildFile; fileRef = 008587792248DC6B00B338E4 /* Main.storyboard */; };
		0085877D2248DC6C00B338E4 /* Assets.xcassets in Resources */ = {isa = PBXBuildFile; fileRef = 0085877C2248DC6C00B338E4 /* Assets.xcassets */; };
		008587802248DC6C00B338E4 /* LaunchScreen.storyboard in Resources */ = {isa = PBXBuildFile; fileRef = 0085877E2248DC6C00B338E4 /* LaunchScreen.storyboard */; };
		0085878B2248DC6C00B338E4 /* UIString+InitialsTests.swift in Sources */ = {isa = PBXBuildFile; fileRef = 0085878A2248DC6C00B338E4 /* UIString+InitialsTests.swift */; };
		008587962248DC6C00B338E4 /* CT_Rafael_NobreUITests.swift in Sources */ = {isa = PBXBuildFile; fileRef = 008587952248DC6C00B338E4 /* CT_Rafael_NobreUITests.swift */; };
		008587AA2248DE7200B338E4 /* Contact.swift in Sources */ = {isa = PBXBuildFile; fileRef = 008587A92248DE7200B338E4 /* Contact.swift */; };
		008587AC2248E19700B338E4 /* Address.swift in Sources */ = {isa = PBXBuildFile; fileRef = 008587AB2248E19700B338E4 /* Address.swift */; };
		008587AE2248E1A100B338E4 /* PhoneNumber.swift in Sources */ = {isa = PBXBuildFile; fileRef = 008587AD2248E1A100B338E4 /* PhoneNumber.swift */; };
		008587B02248E1A900B338E4 /* Email.swift in Sources */ = {isa = PBXBuildFile; fileRef = 008587AF2248E1A900B338E4 /* Email.swift */; };
		00C7F0A5224B7ADA00C4DBEB /* ContactListController.swift in Sources */ = {isa = PBXBuildFile; fileRef = 00C7F0A4224B7ADA00C4DBEB /* ContactListController.swift */; };
		00C7F0A7224B7BC700C4DBEB /* ContactCell.xib in Resources */ = {isa = PBXBuildFile; fileRef = 00C7F0A6224B7BC700C4DBEB /* ContactCell.xib */; };
		00C7F0A9224B7D9C00C4DBEB /* ContactCell.swift in Sources */ = {isa = PBXBuildFile; fileRef = 00C7F0A8224B7D9C00C4DBEB /* ContactCell.swift */; };
		00C7F0B0224B828000C4DBEB /* ReusableViewExtensions.swift in Sources */ = {isa = PBXBuildFile; fileRef = 00C7F0AE224B828000C4DBEB /* ReusableViewExtensions.swift */; };
		00C7F0B1224B828000C4DBEB /* ReusableView.swift in Sources */ = {isa = PBXBuildFile; fileRef = 00C7F0AF224B828000C4DBEB /* ReusableView.swift */; };
		00C7F0B3224B82A000C4DBEB /* NibLoadableView.swift in Sources */ = {isa = PBXBuildFile; fileRef = 00C7F0B2224B82A000C4DBEB /* NibLoadableView.swift */; };
		6395FD71718C70A70A853B3C /* Pods_CT_Rafael_NobreTests.framework in Frameworks */ = {isa = PBXBuildFile; fileRef = 8CA5343955FE4B914731F81F /* Pods_CT_Rafael_NobreTests.framework */; };
		77315306A4FE8B9D51DB5ED9 /* Pods_CT_Rafael_Nobre.framework in Frameworks */ = {isa = PBXBuildFile; fileRef = E713D23D0EEC7BA0170B4DF4 /* Pods_CT_Rafael_Nobre.framework */; };
		D18EB800640F8DEEA8C5BFD3 /* Pods_CT_Rafael_NobreUITests.framework in Frameworks */ = {isa = PBXBuildFile; fileRef = 2538C6E84C4091988759B077 /* Pods_CT_Rafael_NobreUITests.framework */; };
/* End PBXBuildFile section */

/* Begin PBXContainerItemProxy section */
		008587872248DC6C00B338E4 /* PBXContainerItemProxy */ = {
			isa = PBXContainerItemProxy;
			containerPortal = 0085876A2248DC6B00B338E4 /* Project object */;
			proxyType = 1;
			remoteGlobalIDString = 008587712248DC6B00B338E4;
			remoteInfo = "CT Rafael Nobre";
		};
		008587922248DC6C00B338E4 /* PBXContainerItemProxy */ = {
			isa = PBXContainerItemProxy;
			containerPortal = 0085876A2248DC6B00B338E4 /* Project object */;
			proxyType = 1;
			remoteGlobalIDString = 008587712248DC6B00B338E4;
			remoteInfo = "CT Rafael Nobre";
		};
/* End PBXContainerItemProxy section */

/* Begin PBXFileReference section */
		001EB970224F9A7C001792D9 /* UIImage+Initials.swift */ = {isa = PBXFileReference; lastKnownFileType = sourcecode.swift; path = "UIImage+Initials.swift"; sourceTree = "<group>"; };
		001EB972224F9FB5001792D9 /* String+Initials.swift */ = {isa = PBXFileReference; lastKnownFileType = sourcecode.swift; path = "String+Initials.swift"; sourceTree = "<group>"; };
		001EB974224FA1D9001792D9 /* UIView+Rounded.swift */ = {isa = PBXFileReference; lastKnownFileType = sourcecode.swift; path = "UIView+Rounded.swift"; sourceTree = "<group>"; };
		001EB977224FA579001792D9 /* Colors.swift */ = {isa = PBXFileReference; lastKnownFileType = sourcecode.swift; path = Colors.swift; sourceTree = "<group>"; };
		0071C026224FAD10001500F8 /* ContactTests.swift */ = {isa = PBXFileReference; fileEncoding = 4; lastKnownFileType = sourcecode.swift; path = ContactTests.swift; sourceTree = "<group>"; };
		008587722248DC6B00B338E4 /* CT Rafael Nobre.app */ = {isa = PBXFileReference; explicitFileType = wrapper.application; includeInIndex = 0; path = "CT Rafael Nobre.app"; sourceTree = BUILT_PRODUCTS_DIR; };
		008587752248DC6B00B338E4 /* AppDelegate.swift */ = {isa = PBXFileReference; lastKnownFileType = sourcecode.swift; path = AppDelegate.swift; sourceTree = "<group>"; };
		0085877A2248DC6B00B338E4 /* Base */ = {isa = PBXFileReference; lastKnownFileType = file.storyboard; name = Base; path = Base.lproj/Main.storyboard; sourceTree = "<group>"; };
		0085877C2248DC6C00B338E4 /* Assets.xcassets */ = {isa = PBXFileReference; lastKnownFileType = folder.assetcatalog; path = Assets.xcassets; sourceTree = "<group>"; };
		0085877F2248DC6C00B338E4 /* Base */ = {isa = PBXFileReference; lastKnownFileType = file.storyboard; name = Base; path = Base.lproj/LaunchScreen.storyboard; sourceTree = "<group>"; };
		008587812248DC6C00B338E4 /* Info.plist */ = {isa = PBXFileReference; lastKnownFileType = text.plist.xml; path = Info.plist; sourceTree = "<group>"; };
		008587862248DC6C00B338E4 /* CT Rafael NobreTests.xctest */ = {isa = PBXFileReference; explicitFileType = wrapper.cfbundle; includeInIndex = 0; path = "CT Rafael NobreTests.xctest"; sourceTree = BUILT_PRODUCTS_DIR; };
		0085878A2248DC6C00B338E4 /* UIString+InitialsTests.swift */ = {isa = PBXFileReference; lastKnownFileType = sourcecode.swift; path = "UIString+InitialsTests.swift"; sourceTree = "<group>"; };
		0085878C2248DC6C00B338E4 /* Info.plist */ = {isa = PBXFileReference; lastKnownFileType = text.plist.xml; path = Info.plist; sourceTree = "<group>"; };
		008587912248DC6C00B338E4 /* CT Rafael NobreUITests.xctest */ = {isa = PBXFileReference; explicitFileType = wrapper.cfbundle; includeInIndex = 0; path = "CT Rafael NobreUITests.xctest"; sourceTree = BUILT_PRODUCTS_DIR; };
		008587952248DC6C00B338E4 /* CT_Rafael_NobreUITests.swift */ = {isa = PBXFileReference; lastKnownFileType = sourcecode.swift; path = CT_Rafael_NobreUITests.swift; sourceTree = "<group>"; };
		008587972248DC6C00B338E4 /* Info.plist */ = {isa = PBXFileReference; lastKnownFileType = text.plist.xml; path = Info.plist; sourceTree = "<group>"; };
		008587A92248DE7200B338E4 /* Contact.swift */ = {isa = PBXFileReference; lastKnownFileType = sourcecode.swift; path = Contact.swift; sourceTree = "<group>"; };
		008587AB2248E19700B338E4 /* Address.swift */ = {isa = PBXFileReference; lastKnownFileType = sourcecode.swift; path = Address.swift; sourceTree = "<group>"; };
		008587AD2248E1A100B338E4 /* PhoneNumber.swift */ = {isa = PBXFileReference; lastKnownFileType = sourcecode.swift; path = PhoneNumber.swift; sourceTree = "<group>"; };
		008587AF2248E1A900B338E4 /* Email.swift */ = {isa = PBXFileReference; lastKnownFileType = sourcecode.swift; path = Email.swift; sourceTree = "<group>"; };
		00C7F0A4224B7ADA00C4DBEB /* ContactListController.swift */ = {isa = PBXFileReference; lastKnownFileType = sourcecode.swift; path = ContactListController.swift; sourceTree = "<group>"; };
		00C7F0A6224B7BC700C4DBEB /* ContactCell.xib */ = {isa = PBXFileReference; lastKnownFileType = file.xib; path = ContactCell.xib; sourceTree = "<group>"; };
		00C7F0A8224B7D9C00C4DBEB /* ContactCell.swift */ = {isa = PBXFileReference; lastKnownFileType = sourcecode.swift; path = ContactCell.swift; sourceTree = "<group>"; };
		00C7F0AE224B828000C4DBEB /* ReusableViewExtensions.swift */ = {isa = PBXFileReference; fileEncoding = 4; lastKnownFileType = sourcecode.swift; path = ReusableViewExtensions.swift; sourceTree = "<group>"; };
		00C7F0AF224B828000C4DBEB /* ReusableView.swift */ = {isa = PBXFileReference; fileEncoding = 4; lastKnownFileType = sourcecode.swift; path = ReusableView.swift; sourceTree = "<group>"; };
		00C7F0B2224B82A000C4DBEB /* NibLoadableView.swift */ = {isa = PBXFileReference; fileEncoding = 4; lastKnownFileType = sourcecode.swift; path = NibLoadableView.swift; sourceTree = "<group>"; };
		14F4DF0FE312DFD393B4C0F5 /* Pods-CT Rafael NobreTests.debug.xcconfig */ = {isa = PBXFileReference; includeInIndex = 1; lastKnownFileType = text.xcconfig; name = "Pods-CT Rafael NobreTests.debug.xcconfig"; path = "Target Support Files/Pods-CT Rafael NobreTests/Pods-CT Rafael NobreTests.debug.xcconfig"; sourceTree = "<group>"; };
		2538C6E84C4091988759B077 /* Pods_CT_Rafael_NobreUITests.framework */ = {isa = PBXFileReference; explicitFileType = wrapper.framework; includeInIndex = 0; path = Pods_CT_Rafael_NobreUITests.framework; sourceTree = BUILT_PRODUCTS_DIR; };
		61C125EF138B18361956E9E5 /* Pods-CT Rafael NobreUITests.debug.xcconfig */ = {isa = PBXFileReference; includeInIndex = 1; lastKnownFileType = text.xcconfig; name = "Pods-CT Rafael NobreUITests.debug.xcconfig"; path = "Target Support Files/Pods-CT Rafael NobreUITests/Pods-CT Rafael NobreUITests.debug.xcconfig"; sourceTree = "<group>"; };
		7EE912BE24B708EA29DD0679 /* Pods-CT Rafael NobreUITests.release.xcconfig */ = {isa = PBXFileReference; includeInIndex = 1; lastKnownFileType = text.xcconfig; name = "Pods-CT Rafael NobreUITests.release.xcconfig"; path = "Target Support Files/Pods-CT Rafael NobreUITests/Pods-CT Rafael NobreUITests.release.xcconfig"; sourceTree = "<group>"; };
		8CA5343955FE4B914731F81F /* Pods_CT_Rafael_NobreTests.framework */ = {isa = PBXFileReference; explicitFileType = wrapper.framework; includeInIndex = 0; path = Pods_CT_Rafael_NobreTests.framework; sourceTree = BUILT_PRODUCTS_DIR; };
		B5D17340DDFC17C5DBA6CA72 /* Pods-CT Rafael Nobre.release.xcconfig */ = {isa = PBXFileReference; includeInIndex = 1; lastKnownFileType = text.xcconfig; name = "Pods-CT Rafael Nobre.release.xcconfig"; path = "Target Support Files/Pods-CT Rafael Nobre/Pods-CT Rafael Nobre.release.xcconfig"; sourceTree = "<group>"; };
		E713D23D0EEC7BA0170B4DF4 /* Pods_CT_Rafael_Nobre.framework */ = {isa = PBXFileReference; explicitFileType = wrapper.framework; includeInIndex = 0; path = Pods_CT_Rafael_Nobre.framework; sourceTree = BUILT_PRODUCTS_DIR; };
		EFEBA09A039356D98A12195F /* Pods-CT Rafael NobreTests.release.xcconfig */ = {isa = PBXFileReference; includeInIndex = 1; lastKnownFileType = text.xcconfig; name = "Pods-CT Rafael NobreTests.release.xcconfig"; path = "Target Support Files/Pods-CT Rafael NobreTests/Pods-CT Rafael NobreTests.release.xcconfig"; sourceTree = "<group>"; };
		F77D63ECC6895EF09E9A419F /* Pods-CT Rafael Nobre.debug.xcconfig */ = {isa = PBXFileReference; includeInIndex = 1; lastKnownFileType = text.xcconfig; name = "Pods-CT Rafael Nobre.debug.xcconfig"; path = "Target Support Files/Pods-CT Rafael Nobre/Pods-CT Rafael Nobre.debug.xcconfig"; sourceTree = "<group>"; };
/* End PBXFileReference section */

/* Begin PBXFrameworksBuildPhase section */
		0085876F2248DC6B00B338E4 /* Frameworks */ = {
			isa = PBXFrameworksBuildPhase;
			buildActionMask = 2147483647;
			files = (
				77315306A4FE8B9D51DB5ED9 /* Pods_CT_Rafael_Nobre.framework in Frameworks */,
			);
			runOnlyForDeploymentPostprocessing = 0;
		};
		008587832248DC6C00B338E4 /* Frameworks */ = {
			isa = PBXFrameworksBuildPhase;
			buildActionMask = 2147483647;
			files = (
				6395FD71718C70A70A853B3C /* Pods_CT_Rafael_NobreTests.framework in Frameworks */,
			);
			runOnlyForDeploymentPostprocessing = 0;
		};
		0085878E2248DC6C00B338E4 /* Frameworks */ = {
			isa = PBXFrameworksBuildPhase;
			buildActionMask = 2147483647;
			files = (
				D18EB800640F8DEEA8C5BFD3 /* Pods_CT_Rafael_NobreUITests.framework in Frameworks */,
			);
			runOnlyForDeploymentPostprocessing = 0;
		};
/* End PBXFrameworksBuildPhase section */

/* Begin PBXGroup section */
		001EB96D224F985F001792D9 /* XIB */ = {
			isa = PBXGroup;
			children = (
				00C7F0A6224B7BC700C4DBEB /* ContactCell.xib */,
			);
			path = XIB;
			sourceTree = "<group>";
		};
		001EB96E224F9863001792D9 /* Storyboard */ = {
			isa = PBXGroup;
			children = (
				008587792248DC6B00B338E4 /* Main.storyboard */,
				0085877E2248DC6C00B338E4 /* LaunchScreen.storyboard */,
			);
			path = Storyboard;
			sourceTree = "<group>";
		};
		001EB976224FA56B001792D9 /* Styles */ = {
			isa = PBXGroup;
			children = (
				001EB977224FA579001792D9 /* Colors.swift */,
			);
			path = Styles;
			sourceTree = "<group>";
		};
		008587692248DC6B00B338E4 = {
			isa = PBXGroup;
			children = (
				008587742248DC6B00B338E4 /* CT Rafael Nobre */,
				008587892248DC6C00B338E4 /* CT Rafael NobreTests */,
				008587942248DC6C00B338E4 /* CT Rafael NobreUITests */,
				008587732248DC6B00B338E4 /* Products */,
				957224F4BDF8143AADA97137 /* Pods */,
				1F173F4664F3A69BE45AC456 /* Frameworks */,
			);
			sourceTree = "<group>";
		};
		008587732248DC6B00B338E4 /* Products */ = {
			isa = PBXGroup;
			children = (
				008587722248DC6B00B338E4 /* CT Rafael Nobre.app */,
				008587862248DC6C00B338E4 /* CT Rafael NobreTests.xctest */,
				008587912248DC6C00B338E4 /* CT Rafael NobreUITests.xctest */,
			);
			name = Products;
			sourceTree = "<group>";
		};
		008587742248DC6B00B338E4 /* CT Rafael Nobre */ = {
			isa = PBXGroup;
			children = (
				008587A32248DE1100B338E4 /* Sources */,
				008587A42248DE1700B338E4 /* Resources */,
				008587A52248DE1C00B338E4 /* Supporting files */,
			);
			path = "CT Rafael Nobre";
			sourceTree = "<group>";
		};
		008587892248DC6C00B338E4 /* CT Rafael NobreTests */ = {
			isa = PBXGroup;
			children = (
				0071C026224FAD10001500F8 /* ContactTests.swift */,
				0085878A2248DC6C00B338E4 /* UIString+InitialsTests.swift */,
				0085878C2248DC6C00B338E4 /* Info.plist */,
			);
			path = "CT Rafael NobreTests";
			sourceTree = "<group>";
		};
		008587942248DC6C00B338E4 /* CT Rafael NobreUITests */ = {
			isa = PBXGroup;
			children = (
				008587952248DC6C00B338E4 /* CT_Rafael_NobreUITests.swift */,
				008587972248DC6C00B338E4 /* Info.plist */,
			);
			path = "CT Rafael NobreUITests";
			sourceTree = "<group>";
		};
		008587A32248DE1100B338E4 /* Sources */ = {
			isa = PBXGroup;
			children = (
				008587A72248DE4E00B338E4 /* Model */,
				008587A82248DE5500B338E4 /* View */,
				008587A62248DE4700B338E4 /* Controller */,
				00C7F0AA224B818300C4DBEB /* Support */,
			);
			path = Sources;
			sourceTree = "<group>";
		};
		008587A42248DE1700B338E4 /* Resources */ = {
			isa = PBXGroup;
			children = (
				001EB96E224F9863001792D9 /* Storyboard */,
				001EB96D224F985F001792D9 /* XIB */,
				0085877C2248DC6C00B338E4 /* Assets.xcassets */,
			);
			path = Resources;
			sourceTree = "<group>";
		};
		008587A52248DE1C00B338E4 /* Supporting files */ = {
			isa = PBXGroup;
			children = (
				008587752248DC6B00B338E4 /* AppDelegate.swift */,
				008587812248DC6C00B338E4 /* Info.plist */,
			);
			path = "Supporting files";
			sourceTree = "<group>";
		};
		008587A62248DE4700B338E4 /* Controller */ = {
			isa = PBXGroup;
			children = (
				00C7F0A4224B7ADA00C4DBEB /* ContactListController.swift */,
			);
			path = Controller;
			sourceTree = "<group>";
		};
		008587A72248DE4E00B338E4 /* Model */ = {
			isa = PBXGroup;
			children = (
				008587A92248DE7200B338E4 /* Contact.swift */,
				008587AB2248E19700B338E4 /* Address.swift */,
				008587AD2248E1A100B338E4 /* PhoneNumber.swift */,
				008587AF2248E1A900B338E4 /* Email.swift */,
			);
			path = Model;
			sourceTree = "<group>";
		};
		008587A82248DE5500B338E4 /* View */ = {
			isa = PBXGroup;
			children = (
				00C7F0A8224B7D9C00C4DBEB /* ContactCell.swift */,
			);
			path = View;
			sourceTree = "<group>";
		};
		00C7F0AA224B818300C4DBEB /* Support */ = {
			isa = PBXGroup;
			children = (
				001EB976224FA56B001792D9 /* Styles */,
				00C7F0B4224B82B300C4DBEB /* Reusable */,
				00C7F0AB224B818A00C4DBEB /* Extensions */,
			);
			path = Support;
			sourceTree = "<group>";
		};
		00C7F0AB224B818A00C4DBEB /* Extensions */ = {
			isa = PBXGroup;
			children = (
				00C7F0AE224B828000C4DBEB /* ReusableViewExtensions.swift */,
				001EB970224F9A7C001792D9 /* UIImage+Initials.swift */,
				001EB972224F9FB5001792D9 /* String+Initials.swift */,
				001EB974224FA1D9001792D9 /* UIView+Rounded.swift */,
			);
			path = Extensions;
			sourceTree = "<group>";
		};
		00C7F0B4224B82B300C4DBEB /* Reusable */ = {
			isa = PBXGroup;
			children = (
				00C7F0AF224B828000C4DBEB /* ReusableView.swift */,
				00C7F0B2224B82A000C4DBEB /* NibLoadableView.swift */,
			);
			path = Reusable;
			sourceTree = "<group>";
		};
		1F173F4664F3A69BE45AC456 /* Frameworks */ = {
			isa = PBXGroup;
			children = (
				E713D23D0EEC7BA0170B4DF4 /* Pods_CT_Rafael_Nobre.framework */,
				8CA5343955FE4B914731F81F /* Pods_CT_Rafael_NobreTests.framework */,
				2538C6E84C4091988759B077 /* Pods_CT_Rafael_NobreUITests.framework */,
			);
			name = Frameworks;
			sourceTree = "<group>";
		};
		957224F4BDF8143AADA97137 /* Pods */ = {
			isa = PBXGroup;
			children = (
				F77D63ECC6895EF09E9A419F /* Pods-CT Rafael Nobre.debug.xcconfig */,
				B5D17340DDFC17C5DBA6CA72 /* Pods-CT Rafael Nobre.release.xcconfig */,
				14F4DF0FE312DFD393B4C0F5 /* Pods-CT Rafael NobreTests.debug.xcconfig */,
				EFEBA09A039356D98A12195F /* Pods-CT Rafael NobreTests.release.xcconfig */,
				61C125EF138B18361956E9E5 /* Pods-CT Rafael NobreUITests.debug.xcconfig */,
				7EE912BE24B708EA29DD0679 /* Pods-CT Rafael NobreUITests.release.xcconfig */,
			);
			path = Pods;
			sourceTree = "<group>";
		};
/* End PBXGroup section */

/* Begin PBXNativeTarget section */
		008587712248DC6B00B338E4 /* CT Rafael Nobre */ = {
			isa = PBXNativeTarget;
			buildConfigurationList = 0085879A2248DC6C00B338E4 /* Build configuration list for PBXNativeTarget "CT Rafael Nobre" */;
			buildPhases = (
				BFCB525C05C9D1C125C224A3 /* [CP] Check Pods Manifest.lock */,
				0085876E2248DC6B00B338E4 /* Sources */,
				0085876F2248DC6B00B338E4 /* Frameworks */,
				008587702248DC6B00B338E4 /* Resources */,
				637D801FC5C4B7689BB1B616 /* [CP] Embed Pods Frameworks */,
			);
			buildRules = (
			);
			dependencies = (
			);
			name = "CT Rafael Nobre";
			productName = "CT Rafael Nobre";
			productReference = 008587722248DC6B00B338E4 /* CT Rafael Nobre.app */;
			productType = "com.apple.product-type.application";
		};
		008587852248DC6C00B338E4 /* CT Rafael NobreTests */ = {
			isa = PBXNativeTarget;
			buildConfigurationList = 0085879D2248DC6C00B338E4 /* Build configuration list for PBXNativeTarget "CT Rafael NobreTests" */;
			buildPhases = (
				491B4361A0AB10387BDD14B8 /* [CP] Check Pods Manifest.lock */,
				008587822248DC6C00B338E4 /* Sources */,
				008587832248DC6C00B338E4 /* Frameworks */,
				008587842248DC6C00B338E4 /* Resources */,
				B215BCDEAD5081C0066D0EC9 /* [CP] Embed Pods Frameworks */,
			);
			buildRules = (
			);
			dependencies = (
				008587882248DC6C00B338E4 /* PBXTargetDependency */,
			);
			name = "CT Rafael NobreTests";
			productName = "CT Rafael NobreTests";
			productReference = 008587862248DC6C00B338E4 /* CT Rafael NobreTests.xctest */;
			productType = "com.apple.product-type.bundle.unit-test";
		};
		008587902248DC6C00B338E4 /* CT Rafael NobreUITests */ = {
			isa = PBXNativeTarget;
			buildConfigurationList = 008587A02248DC6C00B338E4 /* Build configuration list for PBXNativeTarget "CT Rafael NobreUITests" */;
			buildPhases = (
				C12573FE6B562367C1C5DC0A /* [CP] Check Pods Manifest.lock */,
				0085878D2248DC6C00B338E4 /* Sources */,
				0085878E2248DC6C00B338E4 /* Frameworks */,
				0085878F2248DC6C00B338E4 /* Resources */,
			);
			buildRules = (
			);
			dependencies = (
				008587932248DC6C00B338E4 /* PBXTargetDependency */,
			);
			name = "CT Rafael NobreUITests";
			productName = "CT Rafael NobreUITests";
			productReference = 008587912248DC6C00B338E4 /* CT Rafael NobreUITests.xctest */;
			productType = "com.apple.product-type.bundle.ui-testing";
		};
/* End PBXNativeTarget section */

/* Begin PBXProject section */
		0085876A2248DC6B00B338E4 /* Project object */ = {
			isa = PBXProject;
			attributes = {
				LastSwiftUpdateCheck = 1000;
				LastUpgradeCheck = 1000;
				ORGANIZATIONNAME = "Rafael Nobre";
				TargetAttributes = {
					008587712248DC6B00B338E4 = {
						CreatedOnToolsVersion = 10.0;
						ProvisioningStyle = Automatic;
					};
					008587852248DC6C00B338E4 = {
						CreatedOnToolsVersion = 10.0;
						ProvisioningStyle = Automatic;
						TestTargetID = 008587712248DC6B00B338E4;
					};
					008587902248DC6C00B338E4 = {
						CreatedOnToolsVersion = 10.0;
						ProvisioningStyle = Automatic;
						TestTargetID = 008587712248DC6B00B338E4;
					};
				};
			};
			buildConfigurationList = 0085876D2248DC6B00B338E4 /* Build configuration list for PBXProject "CT Rafael Nobre" */;
			compatibilityVersion = "Xcode 9.3";
			developmentRegion = en;
			hasScannedForEncodings = 0;
			knownRegions = (
				en,
				Base,
			);
			mainGroup = 008587692248DC6B00B338E4;
			productRefGroup = 008587732248DC6B00B338E4 /* Products */;
			projectDirPath = "";
			projectRoot = "";
			targets = (
				008587712248DC6B00B338E4 /* CT Rafael Nobre */,
				008587852248DC6C00B338E4 /* CT Rafael NobreTests */,
				008587902248DC6C00B338E4 /* CT Rafael NobreUITests */,
			);
		};
/* End PBXProject section */

/* Begin PBXResourcesBuildPhase section */
		008587702248DC6B00B338E4 /* Resources */ = {
			isa = PBXResourcesBuildPhase;
			buildActionMask = 2147483647;
			files = (
				00C7F0A7224B7BC700C4DBEB /* ContactCell.xib in Resources */,
				008587802248DC6C00B338E4 /* LaunchScreen.storyboard in Resources */,
				0085877D2248DC6C00B338E4 /* Assets.xcassets in Resources */,
				0085877B2248DC6B00B338E4 /* Main.storyboard in Resources */,
			);
			runOnlyForDeploymentPostprocessing = 0;
		};
		008587842248DC6C00B338E4 /* Resources */ = {
			isa = PBXResourcesBuildPhase;
			buildActionMask = 2147483647;
			files = (
			);
			runOnlyForDeploymentPostprocessing = 0;
		};
		0085878F2248DC6C00B338E4 /* Resources */ = {
			isa = PBXResourcesBuildPhase;
			buildActionMask = 2147483647;
			files = (
			);
			runOnlyForDeploymentPostprocessing = 0;
		};
/* End PBXResourcesBuildPhase section */

/* Begin PBXShellScriptBuildPhase section */
		491B4361A0AB10387BDD14B8 /* [CP] Check Pods Manifest.lock */ = {
			isa = PBXShellScriptBuildPhase;
			buildActionMask = 2147483647;
			files = (
			);
			inputFileListPaths = (
			);
			inputPaths = (
				"${PODS_PODFILE_DIR_PATH}/Podfile.lock",
				"${PODS_ROOT}/Manifest.lock",
			);
			name = "[CP] Check Pods Manifest.lock";
			outputFileListPaths = (
			);
			outputPaths = (
				"$(DERIVED_FILE_DIR)/Pods-CT Rafael NobreTests-checkManifestLockResult.txt",
			);
			runOnlyForDeploymentPostprocessing = 0;
			shellPath = /bin/sh;
			shellScript = "diff \"${PODS_PODFILE_DIR_PATH}/Podfile.lock\" \"${PODS_ROOT}/Manifest.lock\" > /dev/null\nif [ $? != 0 ] ; then\n    # print error to STDERR\n    echo \"error: The sandbox is not in sync with the Podfile.lock. Run 'pod install' or update your CocoaPods installation.\" >&2\n    exit 1\nfi\n# This output is used by Xcode 'outputs' to avoid re-running this script phase.\necho \"SUCCESS\" > \"${SCRIPT_OUTPUT_FILE_0}\"\n";
			showEnvVarsInLog = 0;
		};
		637D801FC5C4B7689BB1B616 /* [CP] Embed Pods Frameworks */ = {
			isa = PBXShellScriptBuildPhase;
			buildActionMask = 2147483647;
			files = (
			);
			inputFileListPaths = (
			);
			inputPaths = (
				"${PODS_ROOT}/Target Support Files/Pods-CT Rafael Nobre/Pods-CT Rafael Nobre-frameworks.sh",
				"${BUILT_PRODUCTS_DIR}/R.swift.Library/Rswift.framework",
				"${BUILT_PRODUCTS_DIR}/Realm/Realm.framework",
				"${BUILT_PRODUCTS_DIR}/RealmSwift/RealmSwift.framework",
			);
			name = "[CP] Embed Pods Frameworks";
			outputFileListPaths = (
			);
			outputPaths = (
				"${TARGET_BUILD_DIR}/${FRAMEWORKS_FOLDER_PATH}/Rswift.framework",
				"${TARGET_BUILD_DIR}/${FRAMEWORKS_FOLDER_PATH}/Realm.framework",
				"${TARGET_BUILD_DIR}/${FRAMEWORKS_FOLDER_PATH}/RealmSwift.framework",
			);
			runOnlyForDeploymentPostprocessing = 0;
			shellPath = /bin/sh;
			shellScript = "\"${PODS_ROOT}/Target Support Files/Pods-CT Rafael Nobre/Pods-CT Rafael Nobre-frameworks.sh\"\n";
			showEnvVarsInLog = 0;
		};
		B215BCDEAD5081C0066D0EC9 /* [CP] Embed Pods Frameworks */ = {
			isa = PBXShellScriptBuildPhase;
			buildActionMask = 2147483647;
			files = (
			);
			inputFileListPaths = (
			);
			inputPaths = (
				"${PODS_ROOT}/Target Support Files/Pods-CT Rafael NobreTests/Pods-CT Rafael NobreTests-frameworks.sh",
				"${BUILT_PRODUCTS_DIR}/Nimble/Nimble.framework",
			);
			name = "[CP] Embed Pods Frameworks";
			outputFileListPaths = (
			);
			outputPaths = (
				"${TARGET_BUILD_DIR}/${FRAMEWORKS_FOLDER_PATH}/Nimble.framework",
			);
			runOnlyForDeploymentPostprocessing = 0;
			shellPath = /bin/sh;
			shellScript = "\"${PODS_ROOT}/Target Support Files/Pods-CT Rafael NobreTests/Pods-CT Rafael NobreTests-frameworks.sh\"\n";
			showEnvVarsInLog = 0;
		};
		BFCB525C05C9D1C125C224A3 /* [CP] Check Pods Manifest.lock */ = {
			isa = PBXShellScriptBuildPhase;
			buildActionMask = 2147483647;
			files = (
			);
			inputFileListPaths = (
			);
			inputPaths = (
				"${PODS_PODFILE_DIR_PATH}/Podfile.lock",
				"${PODS_ROOT}/Manifest.lock",
			);
			name = "[CP] Check Pods Manifest.lock";
			outputFileListPaths = (
			);
			outputPaths = (
				"$(DERIVED_FILE_DIR)/Pods-CT Rafael Nobre-checkManifestLockResult.txt",
			);
			runOnlyForDeploymentPostprocessing = 0;
			shellPath = /bin/sh;
			shellScript = "diff \"${PODS_PODFILE_DIR_PATH}/Podfile.lock\" \"${PODS_ROOT}/Manifest.lock\" > /dev/null\nif [ $? != 0 ] ; then\n    # print error to STDERR\n    echo \"error: The sandbox is not in sync with the Podfile.lock. Run 'pod install' or update your CocoaPods installation.\" >&2\n    exit 1\nfi\n# This output is used by Xcode 'outputs' to avoid re-running this script phase.\necho \"SUCCESS\" > \"${SCRIPT_OUTPUT_FILE_0}\"\n";
			showEnvVarsInLog = 0;
		};
		C12573FE6B562367C1C5DC0A /* [CP] Check Pods Manifest.lock */ = {
			isa = PBXShellScriptBuildPhase;
			buildActionMask = 2147483647;
			files = (
			);
			inputFileListPaths = (
			);
			inputPaths = (
				"${PODS_PODFILE_DIR_PATH}/Podfile.lock",
				"${PODS_ROOT}/Manifest.lock",
			);
			name = "[CP] Check Pods Manifest.lock";
			outputFileListPaths = (
			);
			outputPaths = (
				"$(DERIVED_FILE_DIR)/Pods-CT Rafael NobreUITests-checkManifestLockResult.txt",
			);
			runOnlyForDeploymentPostprocessing = 0;
			shellPath = /bin/sh;
			shellScript = "diff \"${PODS_PODFILE_DIR_PATH}/Podfile.lock\" \"${PODS_ROOT}/Manifest.lock\" > /dev/null\nif [ $? != 0 ] ; then\n    # print error to STDERR\n    echo \"error: The sandbox is not in sync with the Podfile.lock. Run 'pod install' or update your CocoaPods installation.\" >&2\n    exit 1\nfi\n# This output is used by Xcode 'outputs' to avoid re-running this script phase.\necho \"SUCCESS\" > \"${SCRIPT_OUTPUT_FILE_0}\"\n";
			showEnvVarsInLog = 0;
		};
/* End PBXShellScriptBuildPhase section */

/* Begin PBXSourcesBuildPhase section */
		0085876E2248DC6B00B338E4 /* Sources */ = {
			isa = PBXSourcesBuildPhase;
			buildActionMask = 2147483647;
			files = (
				00C7F0B1224B828000C4DBEB /* ReusableView.swift in Sources */,
				008587AA2248DE7200B338E4 /* Contact.swift in Sources */,
				008587B02248E1A900B338E4 /* Email.swift in Sources */,
				001EB978224FA579001792D9 /* Colors.swift in Sources */,
				008587AC2248E19700B338E4 /* Address.swift in Sources */,
				001EB971224F9A7C001792D9 /* UIImage+Initials.swift in Sources */,
				00C7F0B3224B82A000C4DBEB /* NibLoadableView.swift in Sources */,
				001EB975224FA1D9001792D9 /* UIView+Rounded.swift in Sources */,
				00C7F0A9224B7D9C00C4DBEB /* ContactCell.swift in Sources */,
				00C7F0B0224B828000C4DBEB /* ReusableViewExtensions.swift in Sources */,
				00C7F0A5224B7ADA00C4DBEB /* ContactListController.swift in Sources */,
				008587AE2248E1A100B338E4 /* PhoneNumber.swift in Sources */,
				008587762248DC6B00B338E4 /* AppDelegate.swift in Sources */,
				001EB973224F9FB5001792D9 /* String+Initials.swift in Sources */,
			);
			runOnlyForDeploymentPostprocessing = 0;
		};
		008587822248DC6C00B338E4 /* Sources */ = {
			isa = PBXSourcesBuildPhase;
			buildActionMask = 2147483647;
			files = (
				0071C027224FAD10001500F8 /* ContactTests.swift in Sources */,
				0085878B2248DC6C00B338E4 /* UIString+InitialsTests.swift in Sources */,
			);
			runOnlyForDeploymentPostprocessing = 0;
		};
		0085878D2248DC6C00B338E4 /* Sources */ = {
			isa = PBXSourcesBuildPhase;
			buildActionMask = 2147483647;
			files = (
				008587962248DC6C00B338E4 /* CT_Rafael_NobreUITests.swift in Sources */,
			);
			runOnlyForDeploymentPostprocessing = 0;
		};
/* End PBXSourcesBuildPhase section */

/* Begin PBXTargetDependency section */
		008587882248DC6C00B338E4 /* PBXTargetDependency */ = {
			isa = PBXTargetDependency;
			target = 008587712248DC6B00B338E4 /* CT Rafael Nobre */;
			targetProxy = 008587872248DC6C00B338E4 /* PBXContainerItemProxy */;
		};
		008587932248DC6C00B338E4 /* PBXTargetDependency */ = {
			isa = PBXTargetDependency;
			target = 008587712248DC6B00B338E4 /* CT Rafael Nobre */;
			targetProxy = 008587922248DC6C00B338E4 /* PBXContainerItemProxy */;
		};
/* End PBXTargetDependency section */

/* Begin PBXVariantGroup section */
		008587792248DC6B00B338E4 /* Main.storyboard */ = {
			isa = PBXVariantGroup;
			children = (
				0085877A2248DC6B00B338E4 /* Base */,
			);
			name = Main.storyboard;
			sourceTree = "<group>";
		};
		0085877E2248DC6C00B338E4 /* LaunchScreen.storyboard */ = {
			isa = PBXVariantGroup;
			children = (
				0085877F2248DC6C00B338E4 /* Base */,
			);
			name = LaunchScreen.storyboard;
			sourceTree = "<group>";
		};
/* End PBXVariantGroup section */

/* Begin XCBuildConfiguration section */
		008587982248DC6C00B338E4 /* Debug */ = {
			isa = XCBuildConfiguration;
			buildSettings = {
				ALWAYS_SEARCH_USER_PATHS = NO;
				CLANG_ANALYZER_NONNULL = YES;
				CLANG_ANALYZER_NUMBER_OBJECT_CONVERSION = YES_AGGRESSIVE;
				CLANG_CXX_LANGUAGE_STANDARD = "gnu++14";
				CLANG_CXX_LIBRARY = "libc++";
				CLANG_ENABLE_MODULES = YES;
				CLANG_ENABLE_OBJC_ARC = YES;
				CLANG_ENABLE_OBJC_WEAK = YES;
				CLANG_WARN_BLOCK_CAPTURE_AUTORELEASING = YES;
				CLANG_WARN_BOOL_CONVERSION = YES;
				CLANG_WARN_COMMA = YES;
				CLANG_WARN_CONSTANT_CONVERSION = YES;
				CLANG_WARN_DEPRECATED_OBJC_IMPLEMENTATIONS = YES;
				CLANG_WARN_DIRECT_OBJC_ISA_USAGE = YES_ERROR;
				CLANG_WARN_DOCUMENTATION_COMMENTS = YES;
				CLANG_WARN_EMPTY_BODY = YES;
				CLANG_WARN_ENUM_CONVERSION = YES;
				CLANG_WARN_INFINITE_RECURSION = YES;
				CLANG_WARN_INT_CONVERSION = YES;
				CLANG_WARN_NON_LITERAL_NULL_CONVERSION = YES;
				CLANG_WARN_OBJC_IMPLICIT_RETAIN_SELF = YES;
				CLANG_WARN_OBJC_LITERAL_CONVERSION = YES;
				CLANG_WARN_OBJC_ROOT_CLASS = YES_ERROR;
				CLANG_WARN_RANGE_LOOP_ANALYSIS = YES;
				CLANG_WARN_STRICT_PROTOTYPES = YES;
				CLANG_WARN_SUSPICIOUS_MOVE = YES;
				CLANG_WARN_UNGUARDED_AVAILABILITY = YES_AGGRESSIVE;
				CLANG_WARN_UNREACHABLE_CODE = YES;
				CLANG_WARN__DUPLICATE_METHOD_MATCH = YES;
				CODE_SIGN_IDENTITY = "iPhone Developer";
				COPY_PHASE_STRIP = NO;
				DEBUG_INFORMATION_FORMAT = dwarf;
				ENABLE_STRICT_OBJC_MSGSEND = YES;
				ENABLE_TESTABILITY = YES;
				GCC_C_LANGUAGE_STANDARD = gnu11;
				GCC_DYNAMIC_NO_PIC = NO;
				GCC_NO_COMMON_BLOCKS = YES;
				GCC_OPTIMIZATION_LEVEL = 0;
				GCC_PREPROCESSOR_DEFINITIONS = (
					"DEBUG=1",
					"$(inherited)",
				);
				GCC_WARN_64_TO_32_BIT_CONVERSION = YES;
				GCC_WARN_ABOUT_RETURN_TYPE = YES_ERROR;
				GCC_WARN_UNDECLARED_SELECTOR = YES;
				GCC_WARN_UNINITIALIZED_AUTOS = YES_AGGRESSIVE;
				GCC_WARN_UNUSED_FUNCTION = YES;
				GCC_WARN_UNUSED_VARIABLE = YES;
				IPHONEOS_DEPLOYMENT_TARGET = 12.0;
				MTL_ENABLE_DEBUG_INFO = INCLUDE_SOURCE;
				MTL_FAST_MATH = YES;
				ONLY_ACTIVE_ARCH = YES;
				SDKROOT = iphoneos;
				SWIFT_ACTIVE_COMPILATION_CONDITIONS = DEBUG;
				SWIFT_OPTIMIZATION_LEVEL = "-Onone";
			};
			name = Debug;
		};
		008587992248DC6C00B338E4 /* Release */ = {
			isa = XCBuildConfiguration;
			buildSettings = {
				ALWAYS_SEARCH_USER_PATHS = NO;
				CLANG_ANALYZER_NONNULL = YES;
				CLANG_ANALYZER_NUMBER_OBJECT_CONVERSION = YES_AGGRESSIVE;
				CLANG_CXX_LANGUAGE_STANDARD = "gnu++14";
				CLANG_CXX_LIBRARY = "libc++";
				CLANG_ENABLE_MODULES = YES;
				CLANG_ENABLE_OBJC_ARC = YES;
				CLANG_ENABLE_OBJC_WEAK = YES;
				CLANG_WARN_BLOCK_CAPTURE_AUTORELEASING = YES;
				CLANG_WARN_BOOL_CONVERSION = YES;
				CLANG_WARN_COMMA = YES;
				CLANG_WARN_CONSTANT_CONVERSION = YES;
				CLANG_WARN_DEPRECATED_OBJC_IMPLEMENTATIONS = YES;
				CLANG_WARN_DIRECT_OBJC_ISA_USAGE = YES_ERROR;
				CLANG_WARN_DOCUMENTATION_COMMENTS = YES;
				CLANG_WARN_EMPTY_BODY = YES;
				CLANG_WARN_ENUM_CONVERSION = YES;
				CLANG_WARN_INFINITE_RECURSION = YES;
				CLANG_WARN_INT_CONVERSION = YES;
				CLANG_WARN_NON_LITERAL_NULL_CONVERSION = YES;
				CLANG_WARN_OBJC_IMPLICIT_RETAIN_SELF = YES;
				CLANG_WARN_OBJC_LITERAL_CONVERSION = YES;
				CLANG_WARN_OBJC_ROOT_CLASS = YES_ERROR;
				CLANG_WARN_RANGE_LOOP_ANALYSIS = YES;
				CLANG_WARN_STRICT_PROTOTYPES = YES;
				CLANG_WARN_SUSPICIOUS_MOVE = YES;
				CLANG_WARN_UNGUARDED_AVAILABILITY = YES_AGGRESSIVE;
				CLANG_WARN_UNREACHABLE_CODE = YES;
				CLANG_WARN__DUPLICATE_METHOD_MATCH = YES;
				CODE_SIGN_IDENTITY = "iPhone Developer";
				COPY_PHASE_STRIP = NO;
				DEBUG_INFORMATION_FORMAT = "dwarf-with-dsym";
				ENABLE_NS_ASSERTIONS = NO;
				ENABLE_STRICT_OBJC_MSGSEND = YES;
				GCC_C_LANGUAGE_STANDARD = gnu11;
				GCC_NO_COMMON_BLOCKS = YES;
				GCC_WARN_64_TO_32_BIT_CONVERSION = YES;
				GCC_WARN_ABOUT_RETURN_TYPE = YES_ERROR;
				GCC_WARN_UNDECLARED_SELECTOR = YES;
				GCC_WARN_UNINITIALIZED_AUTOS = YES_AGGRESSIVE;
				GCC_WARN_UNUSED_FUNCTION = YES;
				GCC_WARN_UNUSED_VARIABLE = YES;
				IPHONEOS_DEPLOYMENT_TARGET = 12.0;
				MTL_ENABLE_DEBUG_INFO = NO;
				MTL_FAST_MATH = YES;
				SDKROOT = iphoneos;
				SWIFT_COMPILATION_MODE = wholemodule;
				SWIFT_OPTIMIZATION_LEVEL = "-O";
				VALIDATE_PRODUCT = YES;
			};
			name = Release;
		};
		0085879B2248DC6C00B338E4 /* Debug */ = {
			isa = XCBuildConfiguration;
			baseConfigurationReference = F77D63ECC6895EF09E9A419F /* Pods-CT Rafael Nobre.debug.xcconfig */;
			buildSettings = {
				ASSETCATALOG_COMPILER_APPICON_NAME = AppIcon;
				CODE_SIGN_STYLE = Automatic;
				DEVELOPMENT_TEAM = 38KB8NBTE5;
				INFOPLIST_FILE = "CT Rafael Nobre/Supporting files/Info.plist";
				IPHONEOS_DEPLOYMENT_TARGET = 11.4;
				LD_RUNPATH_SEARCH_PATHS = (
					"$(inherited)",
					"@executable_path/Frameworks",
				);
				PRODUCT_BUNDLE_IDENTIFIER = "com.nobre.CT-Rafael-Nobre";
				PRODUCT_NAME = "$(TARGET_NAME)";
				SWIFT_VERSION = 4.2;
				TARGETED_DEVICE_FAMILY = "1,2";
			};
			name = Debug;
		};
		0085879C2248DC6C00B338E4 /* Release */ = {
			isa = XCBuildConfiguration;
			baseConfigurationReference = B5D17340DDFC17C5DBA6CA72 /* Pods-CT Rafael Nobre.release.xcconfig */;
			buildSettings = {
				ASSETCATALOG_COMPILER_APPICON_NAME = AppIcon;
				CODE_SIGN_STYLE = Automatic;
				DEVELOPMENT_TEAM = 38KB8NBTE5;
				INFOPLIST_FILE = "CT Rafael Nobre/Supporting files/Info.plist";
				IPHONEOS_DEPLOYMENT_TARGET = 11.4;
				LD_RUNPATH_SEARCH_PATHS = (
					"$(inherited)",
					"@executable_path/Frameworks",
				);
				PRODUCT_BUNDLE_IDENTIFIER = "com.nobre.CT-Rafael-Nobre";
				PRODUCT_NAME = "$(TARGET_NAME)";
				SWIFT_VERSION = 4.2;
				TARGETED_DEVICE_FAMILY = "1,2";
			};
			name = Release;
		};
		0085879E2248DC6C00B338E4 /* Debug */ = {
			isa = XCBuildConfiguration;
			baseConfigurationReference = 14F4DF0FE312DFD393B4C0F5 /* Pods-CT Rafael NobreTests.debug.xcconfig */;
			buildSettings = {
				BUNDLE_LOADER = "$(TEST_HOST)";
				CODE_SIGN_STYLE = Automatic;
				DEVELOPMENT_TEAM = 38KB8NBTE5;
				INFOPLIST_FILE = "CT Rafael NobreTests/Info.plist";
				LD_RUNPATH_SEARCH_PATHS = (
					"$(inherited)",
					"@executable_path/Frameworks",
					"@loader_path/Frameworks",
				);
				PRODUCT_BUNDLE_IDENTIFIER = "com.nobre.CT-Rafael-NobreTests";
				PRODUCT_NAME = "$(TARGET_NAME)";
				SWIFT_VERSION = 4.2;
				TARGETED_DEVICE_FAMILY = "1,2";
				TEST_HOST = "$(BUILT_PRODUCTS_DIR)/CT Rafael Nobre.app/CT Rafael Nobre";
			};
			name = Debug;
		};
		0085879F2248DC6C00B338E4 /* Release */ = {
			isa = XCBuildConfiguration;
			baseConfigurationReference = EFEBA09A039356D98A12195F /* Pods-CT Rafael NobreTests.release.xcconfig */;
			buildSettings = {
				BUNDLE_LOADER = "$(TEST_HOST)";
				CODE_SIGN_STYLE = Automatic;
				DEVELOPMENT_TEAM = 38KB8NBTE5;
				INFOPLIST_FILE = "CT Rafael NobreTests/Info.plist";
				LD_RUNPATH_SEARCH_PATHS = (
					"$(inherited)",
					"@executable_path/Frameworks",
					"@loader_path/Frameworks",
				);
				PRODUCT_BUNDLE_IDENTIFIER = "com.nobre.CT-Rafael-NobreTests";
				PRODUCT_NAME = "$(TARGET_NAME)";
				SWIFT_VERSION = 4.2;
				TARGETED_DEVICE_FAMILY = "1,2";
				TEST_HOST = "$(BUILT_PRODUCTS_DIR)/CT Rafael Nobre.app/CT Rafael Nobre";
			};
			name = Release;
		};
		008587A12248DC6C00B338E4 /* Debug */ = {
			isa = XCBuildConfiguration;
			baseConfigurationReference = 61C125EF138B18361956E9E5 /* Pods-CT Rafael NobreUITests.debug.xcconfig */;
			buildSettings = {
				CODE_SIGN_STYLE = Automatic;
				DEVELOPMENT_TEAM = 38KB8NBTE5;
				INFOPLIST_FILE = "CT Rafael NobreUITests/Info.plist";
				LD_RUNPATH_SEARCH_PATHS = (
					"$(inherited)",
					"@executable_path/Frameworks",
					"@loader_path/Frameworks",
				);
				PRODUCT_BUNDLE_IDENTIFIER = "com.nobre.CT-Rafael-NobreUITests";
				PRODUCT_NAME = "$(TARGET_NAME)";
				SWIFT_VERSION = 4.2;
				TARGETED_DEVICE_FAMILY = "1,2";
				TEST_TARGET_NAME = "CT Rafael Nobre";
			};
			name = Debug;
		};
		008587A22248DC6C00B338E4 /* Release */ = {
			isa = XCBuildConfiguration;
			baseConfigurationReference = 7EE912BE24B708EA29DD0679 /* Pods-CT Rafael NobreUITests.release.xcconfig */;
			buildSettings = {
				CODE_SIGN_STYLE = Automatic;
				DEVELOPMENT_TEAM = 38KB8NBTE5;
				INFOPLIST_FILE = "CT Rafael NobreUITests/Info.plist";
				LD_RUNPATH_SEARCH_PATHS = (
					"$(inherited)",
					"@executable_path/Frameworks",
					"@loader_path/Frameworks",
				);
				PRODUCT_BUNDLE_IDENTIFIER = "com.nobre.CT-Rafael-NobreUITests";
				PRODUCT_NAME = "$(TARGET_NAME)";
				SWIFT_VERSION = 4.2;
				TARGETED_DEVICE_FAMILY = "1,2";
				TEST_TARGET_NAME = "CT Rafael Nobre";
			};
			name = Release;
		};
/* End XCBuildConfiguration section */

/* Begin XCConfigurationList section */
		0085876D2248DC6B00B338E4 /* Build configuration list for PBXProject "CT Rafael Nobre" */ = {
			isa = XCConfigurationList;
			buildConfigurations = (
				008587982248DC6C00B338E4 /* Debug */,
				008587992248DC6C00B338E4 /* Release */,
			);
			defaultConfigurationIsVisible = 0;
			defaultConfigurationName = Release;
		};
		0085879A2248DC6C00B338E4 /* Build configuration list for PBXNativeTarget "CT Rafael Nobre" */ = {
			isa = XCConfigurationList;
			buildConfigurations = (
				0085879B2248DC6C00B338E4 /* Debug */,
				0085879C2248DC6C00B338E4 /* Release */,
			);
			defaultConfigurationIsVisible = 0;
			defaultConfigurationName = Release;
		};
		0085879D2248DC6C00B338E4 /* Build configuration list for PBXNativeTarget "CT Rafael NobreTests" */ = {
			isa = XCConfigurationList;
			buildConfigurations = (
				0085879E2248DC6C00B338E4 /* Debug */,
				0085879F2248DC6C00B338E4 /* Release */,
			);
			defaultConfigurationIsVisible = 0;
			defaultConfigurationName = Release;
		};
		008587A02248DC6C00B338E4 /* Build configuration list for PBXNativeTarget "CT Rafael NobreUITests" */ = {
			isa = XCConfigurationList;
			buildConfigurations = (
				008587A12248DC6C00B338E4 /* Debug */,
				008587A22248DC6C00B338E4 /* Release */,
			);
			defaultConfigurationIsVisible = 0;
			defaultConfigurationName = Release;
		};
/* End XCConfigurationList section */
	};
	rootObject = 0085876A2248DC6B00B338E4 /* Project object */;
}
