PODS:
  - Nimble (7.3.1)
  - Realm (3.11.1):
    - Realm/Headers (= 3.11.1)
  - Realm/Headers (3.11.1)
  - RealmSwift (3.11.1):
    - Realm (= 3.11.1)

DEPENDENCIES:
  - Nimble
  - RealmSwift

SPEC REPOS:
  https://github.com/cocoapods/specs.git:
    - Nimble
    - Realm
    - RealmSwift

SPEC CHECKSUMS:
  Nimble: 04f732da099ea4d153122aec8c2a88fd0c7219ae
  Realm: 037c5919b9ceb59d6beed5d3b031096856b119b3
  RealmSwift: c9580133e73ef40ed340401af2dbc9a5790dfea7

PODFILE CHECKSUM: 298ee4dba139d4588febb90dd168a683df627293

COCOAPODS: 1.6.1
